
Microsoft Visual Studio Solution File, Format Version 12.00
# Visual Studio Version 17
VisualStudioVersion = 17.1.32319.34
MinimumVisualStudioVersion = 10.0.40219.1
Project("{9A19103F-16F7-4668-BE54-9A1E7A4F7556}") = "Muses.App", "Muses.App\Muses.App.csproj", "{9981FA15-2320-4B78-B1B0-E5E805F06557}"
EndProject
Project("{9A19103F-16F7-4668-BE54-9A1E7A4F7556}") = "Muses.Domain", "Muses.Domain\Muses.Domain.csproj", "{8F67D440-8309-4D98-BC03-A9F6483A3A08}"
EndProject
Project("{FAE04EC0-301F-11D3-BF4B-00C04F79EFBC}") = "Muses.Service", "Muses.Service\Muses.Service.csproj", "{ADEF8115-ADAA-4688-8723-130513475B6B}"
EndProject
Project("{FAE04EC0-301F-11D3-BF4B-00C04F79EFBC}") = "Muses.Repository", "Muses.Repository\Muses.Repository.csproj", "{4904C67B-2AD2-45D8-98C8-FBCF23781391}"
EndProject
Global
	GlobalSection(SolutionConfigurationPlatforms) = preSolution
		Debug|Any CPU = Debug|Any CPU
		Release|Any CPU = Release|Any CPU
	EndGlobalSection
	GlobalSection(ProjectConfigurationPlatforms) = postSolution
		{9981FA15-2320-4B78-B1B0-E5E805F06557}.Debug|Any CPU.ActiveCfg = Debug|Any CPU
		{9981FA15-2320-4B78-B1B0-E5E805F06557}.Debug|Any CPU.Build.0 = Debug|Any CPU
		{9981FA15-2320-4B78-B1B0-E5E805F06557}.Release|Any CPU.ActiveCfg = Release|Any CPU
		{9981FA15-2320-4B78-B1B0-E5E805F06557}.Release|Any CPU.Build.0 = Release|Any CPU
		{8F67D440-8309-4D98-BC03-A9F6483A3A08}.Debug|Any CPU.ActiveCfg = Debug|Any CPU
		{8F67D440-8309-4D98-BC03-A9F6483A3A08}.Debug|Any CPU.Build.0 = Debug|Any CPU
		{8F67D440-8309-4D98-BC03-A9F6483A3A08}.Release|Any CPU.ActiveCfg = Release|Any CPU
		{8F67D440-8309-4D98-BC03-A9F6483A3A08}.Release|Any CPU.Build.0 = Release|Any CPU
		{ADEF8115-ADAA-4688-8723-130513475B6B}.Debug|Any CPU.ActiveCfg = Debug|Any CPU
		{ADEF8115-ADAA-4688-8723-130513475B6B}.Debug|Any CPU.Build.0 = Debug|Any CPU
		{ADEF8115-ADAA-4688-8723-130513475B6B}.Release|Any CPU.ActiveCfg = Release|Any CPU
		{ADEF8115-ADAA-4688-8723-130513475B6B}.Release|Any CPU.Build.0 = Release|Any CPU
		{4904C67B-2AD2-45D8-98C8-FBCF23781391}.Debug|Any CPU.ActiveCfg = Debug|Any CPU
		{4904C67B-2AD2-45D8-98C8-FBCF23781391}.Debug|Any CPU.Build.0 = Debug|Any CPU
		{4904C67B-2AD2-45D8-98C8-FBCF23781391}.Release|Any CPU.ActiveCfg = Release|Any CPU
		{4904C67B-2AD2-45D8-98C8-FBCF23781391}.Release|Any CPU.Build.0 = Release|Any CPU
	EndGlobalSection
	GlobalSection(SolutionProperties) = preSolution
		HideSolutionNode = FALSE
	EndGlobalSection
	GlobalSection(ExtensibilityGlobals) = postSolution
		SolutionGuid = {52D5797E-71CC-4DC8-A9AA-7066E41F4AAD}
	EndGlobalSection
EndGlobal
